
Microsoft Visual Studio Solution File, Format Version 12.00
# Visual Studio Version 17
VisualStudioVersion = 17.2.32519.379
MinimumVisualStudioVersion = 10.0.40219.1
Project("{FAE04EC0-301F-11D3-BF4B-00C04F79EFBC}") = "Clase 1", "Clase 1.csproj", "{52D2108F-36D3-4F6B-9B8C-6F3383BDC616}"
EndProject
Global
	GlobalSection(SolutionConfigurationPlatforms) = preSolution
		Debug|Any CPU = Debug|Any CPU
		Release|Any CPU = Release|Any CPU
	EndGlobalSection
	GlobalSection(ProjectConfigurationPlatforms) = postSolution
		{52D2108F-36D3-4F6B-9B8C-6F3383BDC616}.Debug|Any CPU.ActiveCfg = Debug|Any CPU
		{52D2108F-36D3-4F6B-9B8C-6F3383BDC616}.Debug|Any CPU.Build.0 = Debug|Any CPU
		{52D2108F-36D3-4F6B-9B8C-6F3383BDC616}.Release|Any CPU.ActiveCfg = Release|Any CPU
		{52D2108F-36D3-4F6B-9B8C-6F3383BDC616}.Release|Any CPU.Build.0 = Release|Any CPU
	EndGlobalSection
	GlobalSection(SolutionProperties) = preSolution
		HideSolutionNode = FALSE
	EndGlobalSection
	GlobalSection(ExtensibilityGlobals) = postSolution
		SolutionGuid = {83CA9E08-11FB-47FE-A3A7-DD37AABBFB0A}
	EndGlobalSection
EndGlobal
