
Microsoft Visual Studio Solution File, Format Version 12.00
# Visual Studio Version 16
VisualStudioVersion = 16.0.30011.22
MinimumVisualStudioVersion = 10.0.40219.1
Project("{FAE04EC0-301F-11D3-BF4B-00C04F79EFBC}") = "DEMO1", "DEMO1.csproj", "{F170507D-A86F-47C7-9F99-9DFB362A8060}"
EndProject
Global
	GlobalSection(SolutionConfigurationPlatforms) = preSolution
		Debug|Any CPU = Debug|Any CPU
		Release|Any CPU = Release|Any CPU
	EndGlobalSection
	GlobalSection(ProjectConfigurationPlatforms) = postSolution
		{F170507D-A86F-47C7-9F99-9DFB362A8060}.Debug|Any CPU.ActiveCfg = Debug|Any CPU
		{F170507D-A86F-47C7-9F99-9DFB362A8060}.Debug|Any CPU.Build.0 = Debug|Any CPU
		{F170507D-A86F-47C7-9F99-9DFB362A8060}.Release|Any CPU.ActiveCfg = Release|Any CPU
		{F170507D-A86F-47C7-9F99-9DFB362A8060}.Release|Any CPU.Build.0 = Release|Any CPU
	EndGlobalSection
	GlobalSection(SolutionProperties) = preSolution
		HideSolutionNode = FALSE
	EndGlobalSection
	GlobalSection(ExtensibilityGlobals) = postSolution
		SolutionGuid = {3919E0B7-FAB9-42EB-AB05-D6EFAF1F5046}
	EndGlobalSection
EndGlobal
