
Microsoft Visual Studio Solution File, Format Version 12.00
# Visual Studio Version 17
VisualStudioVersion = 17.2.32519.379
MinimumVisualStudioVersion = 10.0.40219.1
Project("{FAE04EC0-301F-11D3-BF4B-00C04F79EFBC}") = "Clase 6", "Clase 6.csproj", "{038C9882-6C89-4D69-A373-74AE72111D87}"
EndProject
Global
	GlobalSection(SolutionConfigurationPlatforms) = preSolution
		Debug|Any CPU = Debug|Any CPU
		Release|Any CPU = Release|Any CPU
	EndGlobalSection
	GlobalSection(ProjectConfigurationPlatforms) = postSolution
		{038C9882-6C89-4D69-A373-74AE72111D87}.Debug|Any CPU.ActiveCfg = Debug|Any CPU
		{038C9882-6C89-4D69-A373-74AE72111D87}.Debug|Any CPU.Build.0 = Debug|Any CPU
		{038C9882-6C89-4D69-A373-74AE72111D87}.Release|Any CPU.ActiveCfg = Release|Any CPU
		{038C9882-6C89-4D69-A373-74AE72111D87}.Release|Any CPU.Build.0 = Release|Any CPU
	EndGlobalSection
	GlobalSection(SolutionProperties) = preSolution
		HideSolutionNode = FALSE
	EndGlobalSection
	GlobalSection(ExtensibilityGlobals) = postSolution
		SolutionGuid = {2090AF3D-EB56-4010-A72D-4977A1F91B4D}
	EndGlobalSection
EndGlobal
