
Microsoft Visual Studio Solution File, Format Version 12.00
# Visual Studio Version 17
VisualStudioVersion = 17.2.32519.379
MinimumVisualStudioVersion = 10.0.40219.1
Project("{FAE04EC0-301F-11D3-BF4B-00C04F79EFBC}") = "Clase 3", "Clase 3.csproj", "{FA0CAACC-309D-4578-BF54-49C409510F28}"
EndProject
Global
	GlobalSection(SolutionConfigurationPlatforms) = preSolution
		Debug|Any CPU = Debug|Any CPU
		Release|Any CPU = Release|Any CPU
	EndGlobalSection
	GlobalSection(ProjectConfigurationPlatforms) = postSolution
		{FA0CAACC-309D-4578-BF54-49C409510F28}.Debug|Any CPU.ActiveCfg = Debug|Any CPU
		{FA0CAACC-309D-4578-BF54-49C409510F28}.Debug|Any CPU.Build.0 = Debug|Any CPU
		{FA0CAACC-309D-4578-BF54-49C409510F28}.Release|Any CPU.ActiveCfg = Release|Any CPU
		{FA0CAACC-309D-4578-BF54-49C409510F28}.Release|Any CPU.Build.0 = Release|Any CPU
	EndGlobalSection
	GlobalSection(SolutionProperties) = preSolution
		HideSolutionNode = FALSE
	EndGlobalSection
	GlobalSection(ExtensibilityGlobals) = postSolution
		SolutionGuid = {48DC5887-8D09-4BC5-9DF3-6691A7844E82}
	EndGlobalSection
EndGlobal
